
Microsoft Visual Studio Solution File, Format Version 12.00
# Visual Studio Version 17
VisualStudioVersion = 17.11.35222.181
MinimumVisualStudioVersion = 10.0.40219.1
Project("{FAE04EC0-301F-11D3-BF4B-00C04F79EFBC}") = "OnlineShop.Web", "OnlineShop.Web\OnlineShop.Web.csproj", "{C36400DC-D96F-4BF0-AB00-7E3FF57D2B4B}"
EndProject
Project("{FAE04EC0-301F-11D3-BF4B-00C04F79EFBC}") = "OnlineShop.Application", "OnlineShop.Application\OnlineShop.Application.csproj", "{C31D1993-41BB-4053-8D13-165062EE547C}"
EndProject
Project("{FAE04EC0-301F-11D3-BF4B-00C04F79EFBC}") = "OnlineShop.Domain", "OnlineShop.Domain\OnlineShop.Domain.csproj", "{8A9997C5-22F2-435B-84A9-295D541AC57E}"
EndProject
Project("{FAE04EC0-301F-11D3-BF4B-00C04F79EFBC}") = "OnlineShop.Infrastructure", "OnlineShop.Infrastructure\OnlineShop.Infrastructure.csproj", "{4F54AA47-2EA0-46E5-B5B1-899975C644B0}"
EndProject
Global
	GlobalSection(SolutionConfigurationPlatforms) = preSolution
		Debug|Any CPU = Debug|Any CPU
		Release|Any CPU = Release|Any CPU
	EndGlobalSection
	GlobalSection(ProjectConfigurationPlatforms) = postSolution
		{C36400DC-D96F-4BF0-AB00-7E3FF57D2B4B}.Debug|Any CPU.ActiveCfg = Debug|Any CPU
		{C36400DC-D96F-4BF0-AB00-7E3FF57D2B4B}.Debug|Any CPU.Build.0 = Debug|Any CPU
		{C36400DC-D96F-4BF0-AB00-7E3FF57D2B4B}.Release|Any CPU.ActiveCfg = Release|Any CPU
		{C36400DC-D96F-4BF0-AB00-7E3FF57D2B4B}.Release|Any CPU.Build.0 = Release|Any CPU
		{C31D1993-41BB-4053-8D13-165062EE547C}.Debug|Any CPU.ActiveCfg = Debug|Any CPU
		{C31D1993-41BB-4053-8D13-165062EE547C}.Debug|Any CPU.Build.0 = Debug|Any CPU
		{C31D1993-41BB-4053-8D13-165062EE547C}.Release|Any CPU.ActiveCfg = Release|Any CPU
		{C31D1993-41BB-4053-8D13-165062EE547C}.Release|Any CPU.Build.0 = Release|Any CPU
		{8A9997C5-22F2-435B-84A9-295D541AC57E}.Debug|Any CPU.ActiveCfg = Debug|Any CPU
		{8A9997C5-22F2-435B-84A9-295D541AC57E}.Debug|Any CPU.Build.0 = Debug|Any CPU
		{8A9997C5-22F2-435B-84A9-295D541AC57E}.Release|Any CPU.ActiveCfg = Release|Any CPU
		{8A9997C5-22F2-435B-84A9-295D541AC57E}.Release|Any CPU.Build.0 = Release|Any CPU
		{4F54AA47-2EA0-46E5-B5B1-899975C644B0}.Debug|Any CPU.ActiveCfg = Debug|Any CPU
		{4F54AA47-2EA0-46E5-B5B1-899975C644B0}.Debug|Any CPU.Build.0 = Debug|Any CPU
		{4F54AA47-2EA0-46E5-B5B1-899975C644B0}.Release|Any CPU.ActiveCfg = Release|Any CPU
		{4F54AA47-2EA0-46E5-B5B1-899975C644B0}.Release|Any CPU.Build.0 = Release|Any CPU
	EndGlobalSection
	GlobalSection(SolutionProperties) = preSolution
		HideSolutionNode = FALSE
	EndGlobalSection
	GlobalSection(ExtensibilityGlobals) = postSolution
		SolutionGuid = {13490FC0-9B66-4231-8248-45445DF148A4}
	EndGlobalSection
EndGlobal
